
Microsoft Visual Studio Solution File, Format Version 12.00
# Visual Studio Version 17
VisualStudioVersion = 17.13.35931.197 d17.13
MinimumVisualStudioVersion = 10.0.40219.1
Project("{FAE04EC0-301F-11D3-BF4B-00C04F79EFBC}") = "GTArena", "GTArena\GTArena.csproj", "{F5C099A2-8233-4AF5-B987-81935B31B0BD}"
EndProject
Global
	GlobalSection(SolutionConfigurationPlatforms) = preSolution
		Debug|Any CPU = Debug|Any CPU
		Release|Any CPU = Release|Any CPU
	EndGlobalSection
	GlobalSection(ProjectConfigurationPlatforms) = postSolution
		{F5C099A2-8233-4AF5-B987-81935B31B0BD}.Debug|Any CPU.ActiveCfg = Debug|Any CPU
		{F5C099A2-8233-4AF5-B987-81935B31B0BD}.Debug|Any CPU.Build.0 = Debug|Any CPU
		{F5C099A2-8233-4AF5-B987-81935B31B0BD}.Release|Any CPU.ActiveCfg = Release|Any CPU
		{F5C099A2-8233-4AF5-B987-81935B31B0BD}.Release|Any CPU.Build.0 = Release|Any CPU
	EndGlobalSection
	GlobalSection(SolutionProperties) = preSolution
		HideSolutionNode = FALSE
	EndGlobalSection
	GlobalSection(ExtensibilityGlobals) = postSolution
		SolutionGuid = {C8FB2A20-1BBD-4665-82D0-8578278C92DA}
	EndGlobalSection
EndGlobal
